
Microsoft Visual Studio Solution File, Format Version 12.00
# Visual Studio 14
VisualStudioVersion = 14.0.25420.1
MinimumVisualStudioVersion = 10.0.40219.1
Project("{FAE04EC0-301F-11D3-BF4B-00C04F79EFBC}") = "solutionsTriTableau", "solutions\solutionsTriTableau.csproj", "{A5F31C11-8781-404E-8EC2-B5E9D2CA4C6A}"
EndProject
Project("{FAE04EC0-301F-11D3-BF4B-00C04F79EFBC}") = "solutionConsVoy", "refetout\solutionConsVoy.csproj", "{6D766139-BA4C-4908-A272-05C3804797D3}"
EndProject
Project("{FAE04EC0-301F-11D3-BF4B-00C04F79EFBC}") = "consVoyRemi", "temperature\consVoyRemi.csproj", "{F9E355DF-87B9-4F80-B2E9-CC311F9D5680}"
EndProject
Project("{FAE04EC0-301F-11D3-BF4B-00C04F79EFBC}") = "exerciceErreurs", "exerciceErreurs\exerciceErreurs.csproj", "{985A8328-4092-46D8-B70C-4DE38250A68A}"
EndProject
Project("{FAE04EC0-301F-11D3-BF4B-00C04F79EFBC}") = "Boites", "ClassesPropriete\Boites.csproj", "{E5B1DA32-40EA-482A-9E2B-3AEB390F5BD4}"
EndProject
Project("{FAE04EC0-301F-11D3-BF4B-00C04F79EFBC}") = "Vehicules abstract", "Vehicules\Vehicules abstract.csproj", "{115E12AA-174A-435C-949D-B8A61421268A}"
EndProject
Project("{FAE04EC0-301F-11D3-BF4B-00C04F79EFBC}") = "VehiculeDeux", "VehiculeDeux\VehiculeDeux.csproj", "{1BCEF047-54F8-4E9C-872A-9B574DEF1E6C}"
EndProject
Project("{FAE04EC0-301F-11D3-BF4B-00C04F79EFBC}") = "Tests", "Tests\Tests.csproj", "{487CECE4-F9C6-41A1-82A8-3FA4DD08517E}"
EndProject
Project("{FAE04EC0-301F-11D3-BF4B-00C04F79EFBC}") = "VehiculeGénérique", "VehiculeGénérique\VehiculeGénérique.csproj", "{81F02B0E-DF2D-4F81-BB84-ED7D89E0BA6D}"
EndProject
Project("{FAE04EC0-301F-11D3-BF4B-00C04F79EFBC}") = "VehiculesPostBug", "VehiculesPostBug\VehiculesPostBug.csproj", "{3DF9D378-12CB-408E-9DC3-D313AE5D6ADF}"
EndProject
Project("{FAE04EC0-301F-11D3-BF4B-00C04F79EFBC}") = "statut", "statut\statut.csproj", "{2DFBD570-EFB6-4312-B018-9D578C65787A}"
EndProject
Global
	GlobalSection(SolutionConfigurationPlatforms) = preSolution
		Debug|Any CPU = Debug|Any CPU
		Release|Any CPU = Release|Any CPU
	EndGlobalSection
	GlobalSection(ProjectConfigurationPlatforms) = postSolution
		{A5F31C11-8781-404E-8EC2-B5E9D2CA4C6A}.Debug|Any CPU.ActiveCfg = Debug|Any CPU
		{A5F31C11-8781-404E-8EC2-B5E9D2CA4C6A}.Debug|Any CPU.Build.0 = Debug|Any CPU
		{A5F31C11-8781-404E-8EC2-B5E9D2CA4C6A}.Release|Any CPU.ActiveCfg = Release|Any CPU
		{A5F31C11-8781-404E-8EC2-B5E9D2CA4C6A}.Release|Any CPU.Build.0 = Release|Any CPU
		{6D766139-BA4C-4908-A272-05C3804797D3}.Debug|Any CPU.ActiveCfg = Debug|Any CPU
		{6D766139-BA4C-4908-A272-05C3804797D3}.Debug|Any CPU.Build.0 = Debug|Any CPU
		{6D766139-BA4C-4908-A272-05C3804797D3}.Release|Any CPU.ActiveCfg = Release|Any CPU
		{6D766139-BA4C-4908-A272-05C3804797D3}.Release|Any CPU.Build.0 = Release|Any CPU
		{F9E355DF-87B9-4F80-B2E9-CC311F9D5680}.Debug|Any CPU.ActiveCfg = Debug|Any CPU
		{F9E355DF-87B9-4F80-B2E9-CC311F9D5680}.Debug|Any CPU.Build.0 = Debug|Any CPU
		{F9E355DF-87B9-4F80-B2E9-CC311F9D5680}.Release|Any CPU.ActiveCfg = Release|Any CPU
		{F9E355DF-87B9-4F80-B2E9-CC311F9D5680}.Release|Any CPU.Build.0 = Release|Any CPU
		{985A8328-4092-46D8-B70C-4DE38250A68A}.Debug|Any CPU.ActiveCfg = Debug|Any CPU
		{985A8328-4092-46D8-B70C-4DE38250A68A}.Debug|Any CPU.Build.0 = Debug|Any CPU
		{985A8328-4092-46D8-B70C-4DE38250A68A}.Release|Any CPU.ActiveCfg = Release|Any CPU
		{985A8328-4092-46D8-B70C-4DE38250A68A}.Release|Any CPU.Build.0 = Release|Any CPU
		{E5B1DA32-40EA-482A-9E2B-3AEB390F5BD4}.Debug|Any CPU.ActiveCfg = Debug|Any CPU
		{E5B1DA32-40EA-482A-9E2B-3AEB390F5BD4}.Debug|Any CPU.Build.0 = Debug|Any CPU
		{E5B1DA32-40EA-482A-9E2B-3AEB390F5BD4}.Release|Any CPU.ActiveCfg = Release|Any CPU
		{E5B1DA32-40EA-482A-9E2B-3AEB390F5BD4}.Release|Any CPU.Build.0 = Release|Any CPU
		{115E12AA-174A-435C-949D-B8A61421268A}.Debug|Any CPU.ActiveCfg = Debug|Any CPU
		{115E12AA-174A-435C-949D-B8A61421268A}.Debug|Any CPU.Build.0 = Debug|Any CPU
		{115E12AA-174A-435C-949D-B8A61421268A}.Release|Any CPU.ActiveCfg = Release|Any CPU
		{115E12AA-174A-435C-949D-B8A61421268A}.Release|Any CPU.Build.0 = Release|Any CPU
		{1BCEF047-54F8-4E9C-872A-9B574DEF1E6C}.Debug|Any CPU.ActiveCfg = Debug|Any CPU
		{1BCEF047-54F8-4E9C-872A-9B574DEF1E6C}.Debug|Any CPU.Build.0 = Debug|Any CPU
		{1BCEF047-54F8-4E9C-872A-9B574DEF1E6C}.Release|Any CPU.ActiveCfg = Release|Any CPU
		{1BCEF047-54F8-4E9C-872A-9B574DEF1E6C}.Release|Any CPU.Build.0 = Release|Any CPU
		{487CECE4-F9C6-41A1-82A8-3FA4DD08517E}.Debug|Any CPU.ActiveCfg = Debug|Any CPU
		{487CECE4-F9C6-41A1-82A8-3FA4DD08517E}.Debug|Any CPU.Build.0 = Debug|Any CPU
		{487CECE4-F9C6-41A1-82A8-3FA4DD08517E}.Release|Any CPU.ActiveCfg = Release|Any CPU
		{487CECE4-F9C6-41A1-82A8-3FA4DD08517E}.Release|Any CPU.Build.0 = Release|Any CPU
		{81F02B0E-DF2D-4F81-BB84-ED7D89E0BA6D}.Debug|Any CPU.ActiveCfg = Debug|Any CPU
		{81F02B0E-DF2D-4F81-BB84-ED7D89E0BA6D}.Debug|Any CPU.Build.0 = Debug|Any CPU
		{81F02B0E-DF2D-4F81-BB84-ED7D89E0BA6D}.Release|Any CPU.ActiveCfg = Release|Any CPU
		{81F02B0E-DF2D-4F81-BB84-ED7D89E0BA6D}.Release|Any CPU.Build.0 = Release|Any CPU
		{3DF9D378-12CB-408E-9DC3-D313AE5D6ADF}.Debug|Any CPU.ActiveCfg = Debug|Any CPU
		{3DF9D378-12CB-408E-9DC3-D313AE5D6ADF}.Debug|Any CPU.Build.0 = Debug|Any CPU
		{3DF9D378-12CB-408E-9DC3-D313AE5D6ADF}.Release|Any CPU.ActiveCfg = Release|Any CPU
		{3DF9D378-12CB-408E-9DC3-D313AE5D6ADF}.Release|Any CPU.Build.0 = Release|Any CPU
		{2DFBD570-EFB6-4312-B018-9D578C65787A}.Debug|Any CPU.ActiveCfg = Debug|Any CPU
		{2DFBD570-EFB6-4312-B018-9D578C65787A}.Debug|Any CPU.Build.0 = Debug|Any CPU
		{2DFBD570-EFB6-4312-B018-9D578C65787A}.Release|Any CPU.ActiveCfg = Release|Any CPU
		{2DFBD570-EFB6-4312-B018-9D578C65787A}.Release|Any CPU.Build.0 = Release|Any CPU
	EndGlobalSection
	GlobalSection(SolutionProperties) = preSolution
		HideSolutionNode = FALSE
	EndGlobalSection
EndGlobal
